// !$*UTF8*$!
{
	archiveVersion = 1;
	classes = {
	};
	objectVersion = 55;
	objects = {

/* Begin PBXBuildFile section */
		3202FBCA2862A64D00C729D6 /* AnimuApp.swift in Sources */ = {isa = PBXBuildFile; fileRef = 3202FBC92862A64D00C729D6 /* AnimuApp.swift */; };
		3202FBCE2862A64E00C729D6 /* Assets.xcassets in Resources */ = {isa = PBXBuildFile; fileRef = 3202FBCD2862A64E00C729D6 /* Assets.xcassets */; };
		3202FBD12862A64E00C729D6 /* Preview Assets.xcassets in Resources */ = {isa = PBXBuildFile; fileRef = 3202FBD02862A64E00C729D6 /* Preview Assets.xcassets */; };
		3202FBD92862A95D00C729D6 /* AnimeStore.swift in Sources */ = {isa = PBXBuildFile; fileRef = 3202FBD82862A95D00C729D6 /* AnimeStore.swift */; };
		3202FBDB2862AB9200C729D6 /* AnimeListView.swift in Sources */ = {isa = PBXBuildFile; fileRef = 3202FBDA2862AB9200C729D6 /* AnimeListView.swift */; };
		326344442863AA58002AA81C /* Anime.swift in Sources */ = {isa = PBXBuildFile; fileRef = 326344432863AA58002AA81C /* Anime.swift */; };
		326344492863F29C002AA81C /* SearchAnimeView.swift in Sources */ = {isa = PBXBuildFile; fileRef = 326344482863F29C002AA81C /* SearchAnimeView.swift */; };
		32928F132864BA2300261F7A /* GoogleService-Info.plist in Resources */ = {isa = PBXBuildFile; fileRef = 32928F122864BA2300261F7A /* GoogleService-Info.plist */; };
		32928F152864BD7300261F7A /* SignupView.swift in Sources */ = {isa = PBXBuildFile; fileRef = 32928F142864BD7300261F7A /* SignupView.swift */; };
		32928F172864C0E600261F7A /* User.swift in Sources */ = {isa = PBXBuildFile; fileRef = 32928F162864C0E600261F7A /* User.swift */; };
		32928F1928656E0B00261F7A /* FriendListView.swift in Sources */ = {isa = PBXBuildFile; fileRef = 32928F1828656E0B00261F7A /* FriendListView.swift */; };
		32932AA62864280100689310 /* AnimeDetailView.swift in Sources */ = {isa = PBXBuildFile; fileRef = 32932AA52864280100689310 /* AnimeDetailView.swift */; };
		32C557E428668295001AD2D7 /* AnimeSearchItem.swift in Sources */ = {isa = PBXBuildFile; fileRef = 32C557E328668295001AD2D7 /* AnimeSearchItem.swift */; };
		32C557E82866984E001AD2D7 /* Poster.swift in Sources */ = {isa = PBXBuildFile; fileRef = 32C557E72866984E001AD2D7 /* Poster.swift */; };
		32F06A372864B32F0060B5DB /* FirebaseAuth in Frameworks */ = {isa = PBXBuildFile; productRef = 32F06A362864B32F0060B5DB /* FirebaseAuth */; };
		32F06A392864B32F0060B5DB /* FirebaseAuthCombine-Community in Frameworks */ = {isa = PBXBuildFile; productRef = 32F06A382864B32F0060B5DB /* FirebaseAuthCombine-Community */; };
		32F06A3B2864B32F0060B5DB /* FirebaseFirestore in Frameworks */ = {isa = PBXBuildFile; productRef = 32F06A3A2864B32F0060B5DB /* FirebaseFirestore */; };
		32F06A3D2864B32F0060B5DB /* FirebaseFirestoreCombine-Community in Frameworks */ = {isa = PBXBuildFile; productRef = 32F06A3C2864B32F0060B5DB /* FirebaseFirestoreCombine-Community */; };
		32F06A3F2864B32F0060B5DB /* FirebaseFirestoreSwift in Frameworks */ = {isa = PBXBuildFile; productRef = 32F06A3E2864B32F0060B5DB /* FirebaseFirestoreSwift */; };
		32F06A412864B6BA0060B5DB /* LoginView.swift in Sources */ = {isa = PBXBuildFile; fileRef = 32F06A402864B6BA0060B5DB /* LoginView.swift */; };
/* End PBXBuildFile section */

/* Begin PBXFileReference section */
		3202FBC62862A64D00C729D6 /* Animu.app */ = {isa = PBXFileReference; explicitFileType = wrapper.application; includeInIndex = 0; path = Animu.app; sourceTree = BUILT_PRODUCTS_DIR; };
		3202FBC92862A64D00C729D6 /* AnimuApp.swift */ = {isa = PBXFileReference; lastKnownFileType = sourcecode.swift; path = AnimuApp.swift; sourceTree = "<group>"; };
		3202FBCD2862A64E00C729D6 /* Assets.xcassets */ = {isa = PBXFileReference; lastKnownFileType = folder.assetcatalog; path = Assets.xcassets; sourceTree = "<group>"; };
		3202FBD02862A64E00C729D6 /* Preview Assets.xcassets */ = {isa = PBXFileReference; lastKnownFileType = folder.assetcatalog; path = "Preview Assets.xcassets"; sourceTree = "<group>"; };
		3202FBD82862A95D00C729D6 /* AnimeStore.swift */ = {isa = PBXFileReference; lastKnownFileType = sourcecode.swift; path = AnimeStore.swift; sourceTree = "<group>"; };
		3202FBDA2862AB9200C729D6 /* AnimeListView.swift */ = {isa = PBXFileReference; lastKnownFileType = sourcecode.swift; path = AnimeListView.swift; sourceTree = "<group>"; };
		326344432863AA58002AA81C /* Anime.swift */ = {isa = PBXFileReference; lastKnownFileType = sourcecode.swift; path = Anime.swift; sourceTree = "<group>"; };
		326344482863F29C002AA81C /* SearchAnimeView.swift */ = {isa = PBXFileReference; lastKnownFileType = sourcecode.swift; path = SearchAnimeView.swift; sourceTree = "<group>"; };
		32928F122864BA2300261F7A /* GoogleService-Info.plist */ = {isa = PBXFileReference; lastKnownFileType = text.plist; name = "GoogleService-Info.plist"; path = "Animu/GoogleService-Info.plist"; sourceTree = SOURCE_ROOT; };
		32928F142864BD7300261F7A /* SignupView.swift */ = {isa = PBXFileReference; lastKnownFileType = sourcecode.swift; path = SignupView.swift; sourceTree = "<group>"; };
		32928F162864C0E600261F7A /* User.swift */ = {isa = PBXFileReference; lastKnownFileType = sourcecode.swift; path = User.swift; sourceTree = "<group>"; };
		32928F1828656E0B00261F7A /* FriendListView.swift */ = {isa = PBXFileReference; lastKnownFileType = sourcecode.swift; path = FriendListView.swift; sourceTree = "<group>"; };
		32932AA52864280100689310 /* AnimeDetailView.swift */ = {isa = PBXFileReference; lastKnownFileType = sourcecode.swift; path = AnimeDetailView.swift; sourceTree = "<group>"; };
		32C557E328668295001AD2D7 /* AnimeSearchItem.swift */ = {isa = PBXFileReference; lastKnownFileType = sourcecode.swift; path = AnimeSearchItem.swift; sourceTree = "<group>"; };
		32C557E72866984E001AD2D7 /* Poster.swift */ = {isa = PBXFileReference; lastKnownFileType = sourcecode.swift; path = Poster.swift; sourceTree = "<group>"; };
		32F06A402864B6BA0060B5DB /* LoginView.swift */ = {isa = PBXFileReference; lastKnownFileType = sourcecode.swift; path = LoginView.swift; sourceTree = "<group>"; };
/* End PBXFileReference section */

/* Begin PBXFrameworksBuildPhase section */
		3202FBC32862A64D00C729D6 /* Frameworks */ = {
			isa = PBXFrameworksBuildPhase;
			buildActionMask = 2147483647;
			files = (
				32F06A3F2864B32F0060B5DB /* FirebaseFirestoreSwift in Frameworks */,
				32F06A372864B32F0060B5DB /* FirebaseAuth in Frameworks */,
				32F06A3D2864B32F0060B5DB /* FirebaseFirestoreCombine-Community in Frameworks */,
				32F06A392864B32F0060B5DB /* FirebaseAuthCombine-Community in Frameworks */,
				32F06A3B2864B32F0060B5DB /* FirebaseFirestore in Frameworks */,
			);
			runOnlyForDeploymentPostprocessing = 0;
		};
/* End PBXFrameworksBuildPhase section */

/* Begin PBXGroup section */
		3202FBBD2862A64D00C729D6 = {
			isa = PBXGroup;
			children = (
				3202FBC82862A64D00C729D6 /* Animu */,
				3202FBC72862A64D00C729D6 /* Products */,
			);
			sourceTree = "<group>";
		};
		3202FBC72862A64D00C729D6 /* Products */ = {
			isa = PBXGroup;
			children = (
				3202FBC62862A64D00C729D6 /* Animu.app */,
			);
			name = Products;
			sourceTree = "<group>";
		};
		3202FBC82862A64D00C729D6 /* Animu */ = {
			isa = PBXGroup;
			children = (
				3202FBC92862A64D00C729D6 /* AnimuApp.swift */,
				3202FBD82862A95D00C729D6 /* AnimeStore.swift */,
				326344472863AF4F002AA81C /* Views */,
				3202FBD72862A8E600C729D6 /* Models */,
				3202FBCD2862A64E00C729D6 /* Assets.xcassets */,
				3202FBCF2862A64E00C729D6 /* Preview Content */,
			);
			path = Animu;
			sourceTree = "<group>";
		};
		3202FBCF2862A64E00C729D6 /* Preview Content */ = {
			isa = PBXGroup;
			children = (
				32928F122864BA2300261F7A /* GoogleService-Info.plist */,
				3202FBD02862A64E00C729D6 /* Preview Assets.xcassets */,
			);
			path = "Preview Content";
			sourceTree = "<group>";
		};
		3202FBD72862A8E600C729D6 /* Models */ = {
			isa = PBXGroup;
			children = (
				326344432863AA58002AA81C /* Anime.swift */,
				32928F162864C0E600261F7A /* User.swift */,
			);
			path = Models;
			sourceTree = "<group>";
		};
		326344472863AF4F002AA81C /* Views */ = {
			isa = PBXGroup;
			children = (
				32C557E628669836001AD2D7 /* Parts */,
				3202FBDA2862AB9200C729D6 /* AnimeListView.swift */,
				326344482863F29C002AA81C /* SearchAnimeView.swift */,
				32932AA52864280100689310 /* AnimeDetailView.swift */,
				32F06A402864B6BA0060B5DB /* LoginView.swift */,
				32928F142864BD7300261F7A /* SignupView.swift */,
				32928F1828656E0B00261F7A /* FriendListView.swift */,
				32C557E328668295001AD2D7 /* AnimeSearchItem.swift */,
			);
			path = Views;
			sourceTree = "<group>";
		};
		32C557E628669836001AD2D7 /* Parts */ = {
			isa = PBXGroup;
			children = (
				32C557E72866984E001AD2D7 /* Poster.swift */,
			);
			path = Parts;
			sourceTree = "<group>";
		};
/* End PBXGroup section */

/* Begin PBXNativeTarget section */
		3202FBC52862A64D00C729D6 /* Animu */ = {
			isa = PBXNativeTarget;
			buildConfigurationList = 3202FBD42862A64E00C729D6 /* Build configuration list for PBXNativeTarget "Animu" */;
			buildPhases = (
				3202FBC22862A64D00C729D6 /* Sources */,
				3202FBC32862A64D00C729D6 /* Frameworks */,
				3202FBC42862A64D00C729D6 /* Resources */,
			);
			buildRules = (
			);
			dependencies = (
			);
			name = Animu;
			packageProductDependencies = (
				32F06A362864B32F0060B5DB /* FirebaseAuth */,
				32F06A382864B32F0060B5DB /* FirebaseAuthCombine-Community */,
				32F06A3A2864B32F0060B5DB /* FirebaseFirestore */,
				32F06A3C2864B32F0060B5DB /* FirebaseFirestoreCombine-Community */,
				32F06A3E2864B32F0060B5DB /* FirebaseFirestoreSwift */,
			);
			productName = Animu;
			productReference = 3202FBC62862A64D00C729D6 /* Animu.app */;
			productType = "com.apple.product-type.application";
		};
/* End PBXNativeTarget section */

/* Begin PBXProject section */
		3202FBBE2862A64D00C729D6 /* Project object */ = {
			isa = PBXProject;
			attributes = {
				BuildIndependentTargetsInParallel = 1;
				LastSwiftUpdateCheck = 1330;
				LastUpgradeCheck = 1330;
				TargetAttributes = {
					3202FBC52862A64D00C729D6 = {
						CreatedOnToolsVersion = 13.3.1;
					};
				};
			};
			buildConfigurationList = 3202FBC12862A64D00C729D6 /* Build configuration list for PBXProject "Animu" */;
			compatibilityVersion = "Xcode 13.0";
			developmentRegion = en;
			hasScannedForEncodings = 0;
			knownRegions = (
				en,
				Base,
			);
			mainGroup = 3202FBBD2862A64D00C729D6;
			packageReferences = (
				32F06A352864B32F0060B5DB /* XCRemoteSwiftPackageReference "firebase-ios-sdk" */,
			);
			productRefGroup = 3202FBC72862A64D00C729D6 /* Products */;
			projectDirPath = "";
			projectRoot = "";
			targets = (
				3202FBC52862A64D00C729D6 /* Animu */,
			);
		};
/* End PBXProject section */

/* Begin PBXResourcesBuildPhase section */
		3202FBC42862A64D00C729D6 /* Resources */ = {
			isa = PBXResourcesBuildPhase;
			buildActionMask = 2147483647;
			files = (
				3202FBD12862A64E00C729D6 /* Preview Assets.xcassets in Resources */,
				3202FBCE2862A64E00C729D6 /* Assets.xcassets in Resources */,
				32928F132864BA2300261F7A /* GoogleService-Info.plist in Resources */,
			);
			runOnlyForDeploymentPostprocessing = 0;
		};
/* End PBXResourcesBuildPhase section */

/* Begin PBXSourcesBuildPhase section */
		3202FBC22862A64D00C729D6 /* Sources */ = {
			isa = PBXSourcesBuildPhase;
			buildActionMask = 2147483647;
			files = (
				326344442863AA58002AA81C /* Anime.swift in Sources */,
				32C557E428668295001AD2D7 /* AnimeSearchItem.swift in Sources */,
				32F06A412864B6BA0060B5DB /* LoginView.swift in Sources */,
				3202FBCA2862A64D00C729D6 /* AnimuApp.swift in Sources */,
				32932AA62864280100689310 /* AnimeDetailView.swift in Sources */,
				32928F1928656E0B00261F7A /* FriendListView.swift in Sources */,
				32928F152864BD7300261F7A /* SignupView.swift in Sources */,
				32928F172864C0E600261F7A /* User.swift in Sources */,
				32C557E82866984E001AD2D7 /* Poster.swift in Sources */,
				3202FBD92862A95D00C729D6 /* AnimeStore.swift in Sources */,
				326344492863F29C002AA81C /* SearchAnimeView.swift in Sources */,
				3202FBDB2862AB9200C729D6 /* AnimeListView.swift in Sources */,
			);
			runOnlyForDeploymentPostprocessing = 0;
		};
/* End PBXSourcesBuildPhase section */

/* Begin XCBuildConfiguration section */
		3202FBD22862A64E00C729D6 /* Debug */ = {
			isa = XCBuildConfiguration;
			buildSettings = {
				ALWAYS_SEARCH_USER_PATHS = NO;
				CLANG_ANALYZER_NONNULL = YES;
				CLANG_ANALYZER_NUMBER_OBJECT_CONVERSION = YES_AGGRESSIVE;
				CLANG_CXX_LANGUAGE_STANDARD = "gnu++17";
				CLANG_ENABLE_MODULES = YES;
				CLANG_ENABLE_OBJC_ARC = YES;
				CLANG_ENABLE_OBJC_WEAK = YES;
				CLANG_WARN_BLOCK_CAPTURE_AUTORELEASING = YES;
				CLANG_WARN_BOOL_CONVERSION = YES;
				CLANG_WARN_COMMA = YES;
				CLANG_WARN_CONSTANT_CONVERSION = YES;
				CLANG_WARN_DEPRECATED_OBJC_IMPLEMENTATIONS = YES;
				CLANG_WARN_DIRECT_OBJC_ISA_USAGE = YES_ERROR;
				CLANG_WARN_DOCUMENTATION_COMMENTS = YES;
				CLANG_WARN_EMPTY_BODY = YES;
				CLANG_WARN_ENUM_CONVERSION = YES;
				CLANG_WARN_INFINITE_RECURSION = YES;
				CLANG_WARN_INT_CONVERSION = YES;
				CLANG_WARN_NON_LITERAL_NULL_CONVERSION = YES;
				CLANG_WARN_OBJC_IMPLICIT_RETAIN_SELF = YES;
				CLANG_WARN_OBJC_LITERAL_CONVERSION = YES;
				CLANG_WARN_OBJC_ROOT_CLASS = YES_ERROR;
				CLANG_WARN_QUOTED_INCLUDE_IN_FRAMEWORK_HEADER = YES;
				CLANG_WARN_RANGE_LOOP_ANALYSIS = YES;
				CLANG_WARN_STRICT_PROTOTYPES = YES;
				CLANG_WARN_SUSPICIOUS_MOVE = YES;
				CLANG_WARN_UNGUARDED_AVAILABILITY = YES_AGGRESSIVE;
				CLANG_WARN_UNREACHABLE_CODE = YES;
				CLANG_WARN__DUPLICATE_METHOD_MATCH = YES;
				COPY_PHASE_STRIP = NO;
				DEBUG_INFORMATION_FORMAT = dwarf;
				ENABLE_STRICT_OBJC_MSGSEND = YES;
				ENABLE_TESTABILITY = YES;
				GCC_C_LANGUAGE_STANDARD = gnu11;
				GCC_DYNAMIC_NO_PIC = NO;
				GCC_NO_COMMON_BLOCKS = YES;
				GCC_OPTIMIZATION_LEVEL = 0;
				GCC_PREPROCESSOR_DEFINITIONS = (
					"DEBUG=1",
					"$(inherited)",
				);
				GCC_WARN_64_TO_32_BIT_CONVERSION = YES;
				GCC_WARN_ABOUT_RETURN_TYPE = YES_ERROR;
				GCC_WARN_UNDECLARED_SELECTOR = YES;
				GCC_WARN_UNINITIALIZED_AUTOS = YES_AGGRESSIVE;
				GCC_WARN_UNUSED_FUNCTION = YES;
				GCC_WARN_UNUSED_VARIABLE = YES;
				IPHONEOS_DEPLOYMENT_TARGET = 15.4;
				MTL_ENABLE_DEBUG_INFO = INCLUDE_SOURCE;
				MTL_FAST_MATH = YES;
				ONLY_ACTIVE_ARCH = YES;
				SDKROOT = iphoneos;
				SWIFT_ACTIVE_COMPILATION_CONDITIONS = DEBUG;
				SWIFT_OPTIMIZATION_LEVEL = "-Onone";
			};
			name = Debug;
		};
		3202FBD32862A64E00C729D6 /* Release */ = {
			isa = XCBuildConfiguration;
			buildSettings = {
				ALWAYS_SEARCH_USER_PATHS = NO;
				CLANG_ANALYZER_NONNULL = YES;
				CLANG_ANALYZER_NUMBER_OBJECT_CONVERSION = YES_AGGRESSIVE;
				CLANG_CXX_LANGUAGE_STANDARD = "gnu++17";
				CLANG_ENABLE_MODULES = YES;
				CLANG_ENABLE_OBJC_ARC = YES;
				CLANG_ENABLE_OBJC_WEAK = YES;
				CLANG_WARN_BLOCK_CAPTURE_AUTORELEASING = YES;
				CLANG_WARN_BOOL_CONVERSION = YES;
				CLANG_WARN_COMMA = YES;
				CLANG_WARN_CONSTANT_CONVERSION = YES;
				CLANG_WARN_DEPRECATED_OBJC_IMPLEMENTATIONS = YES;
				CLANG_WARN_DIRECT_OBJC_ISA_USAGE = YES_ERROR;
				CLANG_WARN_DOCUMENTATION_COMMENTS = YES;
				CLANG_WARN_EMPTY_BODY = YES;
				CLANG_WARN_ENUM_CONVERSION = YES;
				CLANG_WARN_INFINITE_RECURSION = YES;
				CLANG_WARN_INT_CONVERSION = YES;
				CLANG_WARN_NON_LITERAL_NULL_CONVERSION = YES;
				CLANG_WARN_OBJC_IMPLICIT_RETAIN_SELF = YES;
				CLANG_WARN_OBJC_LITERAL_CONVERSION = YES;
				CLANG_WARN_OBJC_ROOT_CLASS = YES_ERROR;
				CLANG_WARN_QUOTED_INCLUDE_IN_FRAMEWORK_HEADER = YES;
				CLANG_WARN_RANGE_LOOP_ANALYSIS = YES;
				CLANG_WARN_STRICT_PROTOTYPES = YES;
				CLANG_WARN_SUSPICIOUS_MOVE = YES;
				CLANG_WARN_UNGUARDED_AVAILABILITY = YES_AGGRESSIVE;
				CLANG_WARN_UNREACHABLE_CODE = YES;
				CLANG_WARN__DUPLICATE_METHOD_MATCH = YES;
				COPY_PHASE_STRIP = NO;
				DEBUG_INFORMATION_FORMAT = "dwarf-with-dsym";
				ENABLE_NS_ASSERTIONS = NO;
				ENABLE_STRICT_OBJC_MSGSEND = YES;
				GCC_C_LANGUAGE_STANDARD = gnu11;
				GCC_NO_COMMON_BLOCKS = YES;
				GCC_WARN_64_TO_32_BIT_CONVERSION = YES;
				GCC_WARN_ABOUT_RETURN_TYPE = YES_ERROR;
				GCC_WARN_UNDECLARED_SELECTOR = YES;
				GCC_WARN_UNINITIALIZED_AUTOS = YES_AGGRESSIVE;
				GCC_WARN_UNUSED_FUNCTION = YES;
				GCC_WARN_UNUSED_VARIABLE = YES;
				IPHONEOS_DEPLOYMENT_TARGET = 15.4;
				MTL_ENABLE_DEBUG_INFO = NO;
				MTL_FAST_MATH = YES;
				SDKROOT = iphoneos;
				SWIFT_COMPILATION_MODE = wholemodule;
				SWIFT_OPTIMIZATION_LEVEL = "-O";
				VALIDATE_PRODUCT = YES;
			};
			name = Release;
		};
		3202FBD52862A64E00C729D6 /* Debug */ = {
			isa = XCBuildConfiguration;
			buildSettings = {
				ASSETCATALOG_COMPILER_APPICON_NAME = AppIcon;
				ASSETCATALOG_COMPILER_GLOBAL_ACCENT_COLOR_NAME = AccentColor;
				CODE_SIGN_STYLE = Automatic;
				CURRENT_PROJECT_VERSION = 1;
				DEVELOPMENT_ASSET_PATHS = "\"Animu/Preview Content\"";
				ENABLE_PREVIEWS = YES;
				GENERATE_INFOPLIST_FILE = YES;
				INFOPLIST_KEY_UIApplicationSceneManifest_Generation = YES;
				INFOPLIST_KEY_UIApplicationSupportsIndirectInputEvents = YES;
				INFOPLIST_KEY_UILaunchScreen_Generation = YES;
				INFOPLIST_KEY_UISupportedInterfaceOrientations_iPad = "UIInterfaceOrientationPortrait UIInterfaceOrientationPortraitUpsideDown UIInterfaceOrientationLandscapeLeft UIInterfaceOrientationLandscapeRight";
				INFOPLIST_KEY_UISupportedInterfaceOrientations_iPhone = "UIInterfaceOrientationPortrait UIInterfaceOrientationLandscapeLeft UIInterfaceOrientationLandscapeRight";
				LD_RUNPATH_SEARCH_PATHS = (
					"$(inherited)",
					"@executable_path/Frameworks",
				);
				MARKETING_VERSION = 1.0;
				PRODUCT_BUNDLE_IDENTIFIER = "com.example.apple-samplecode.Animu";
				PRODUCT_NAME = "$(TARGET_NAME)";
				SWIFT_EMIT_LOC_STRINGS = YES;
				SWIFT_VERSION = 5.0;
				TARGETED_DEVICE_FAMILY = "1,2";
			};
			name = Debug;
		};
		3202FBD62862A64E00C729D6 /* Release */ = {
			isa = XCBuildConfiguration;
			buildSettings = {
				ASSETCATALOG_COMPILER_APPICON_NAME = AppIcon;
				ASSETCATALOG_COMPILER_GLOBAL_ACCENT_COLOR_NAME = AccentColor;
				CODE_SIGN_STYLE = Automatic;
				CURRENT_PROJECT_VERSION = 1;
				DEVELOPMENT_ASSET_PATHS = "\"Animu/Preview Content\"";
				ENABLE_PREVIEWS = YES;
				GENERATE_INFOPLIST_FILE = YES;
				INFOPLIST_KEY_UIApplicationSceneManifest_Generation = YES;
				INFOPLIST_KEY_UIApplicationSupportsIndirectInputEvents = YES;
				INFOPLIST_KEY_UILaunchScreen_Generation = YES;
				INFOPLIST_KEY_UISupportedInterfaceOrientations_iPad = "UIInterfaceOrientationPortrait UIInterfaceOrientationPortraitUpsideDown UIInterfaceOrientationLandscapeLeft UIInterfaceOrientationLandscapeRight";
				INFOPLIST_KEY_UISupportedInterfaceOrientations_iPhone = "UIInterfaceOrientationPortrait UIInterfaceOrientationLandscapeLeft UIInterfaceOrientationLandscapeRight";
				LD_RUNPATH_SEARCH_PATHS = (
					"$(inherited)",
					"@executable_path/Frameworks",
				);
				MARKETING_VERSION = 1.0;
				PRODUCT_BUNDLE_IDENTIFIER = "com.example.apple-samplecode.Animu";
				PRODUCT_NAME = "$(TARGET_NAME)";
				SWIFT_EMIT_LOC_STRINGS = YES;
				SWIFT_VERSION = 5.0;
				TARGETED_DEVICE_FAMILY = "1,2";
			};
			name = Release;
		};
/* End XCBuildConfiguration section */

/* Begin XCConfigurationList section */
		3202FBC12862A64D00C729D6 /* Build configuration list for PBXProject "Animu" */ = {
			isa = XCConfigurationList;
			buildConfigurations = (
				3202FBD22862A64E00C729D6 /* Debug */,
				3202FBD32862A64E00C729D6 /* Release */,
			);
			defaultConfigurationIsVisible = 0;
			defaultConfigurationName = Release;
		};
		3202FBD42862A64E00C729D6 /* Build configuration list for PBXNativeTarget "Animu" */ = {
			isa = XCConfigurationList;
			buildConfigurations = (
				3202FBD52862A64E00C729D6 /* Debug */,
				3202FBD62862A64E00C729D6 /* Release */,
			);
			defaultConfigurationIsVisible = 0;
			defaultConfigurationName = Release;
		};
/* End XCConfigurationList section */

/* Begin XCRemoteSwiftPackageReference section */
		32F06A352864B32F0060B5DB /* XCRemoteSwiftPackageReference "firebase-ios-sdk" */ = {
			isa = XCRemoteSwiftPackageReference;
			repositoryURL = "https://github.com/firebase/firebase-ios-sdk";
			requirement = {
				kind = upToNextMajorVersion;
				minimumVersion = 9.0.0;
			};
		};
/* End XCRemoteSwiftPackageReference section */

/* Begin XCSwiftPackageProductDependency section */
		32F06A362864B32F0060B5DB /* FirebaseAuth */ = {
			isa = XCSwiftPackageProductDependency;
			package = 32F06A352864B32F0060B5DB /* XCRemoteSwiftPackageReference "firebase-ios-sdk" */;
			productName = FirebaseAuth;
		};
		32F06A382864B32F0060B5DB /* FirebaseAuthCombine-Community */ = {
			isa = XCSwiftPackageProductDependency;
			package = 32F06A352864B32F0060B5DB /* XCRemoteSwiftPackageReference "firebase-ios-sdk" */;
			productName = "FirebaseAuthCombine-Community";
		};
		32F06A3A2864B32F0060B5DB /* FirebaseFirestore */ = {
			isa = XCSwiftPackageProductDependency;
			package = 32F06A352864B32F0060B5DB /* XCRemoteSwiftPackageReference "firebase-ios-sdk" */;
			productName = FirebaseFirestore;
		};
		32F06A3C2864B32F0060B5DB /* FirebaseFirestoreCombine-Community */ = {
			isa = XCSwiftPackageProductDependency;
			package = 32F06A352864B32F0060B5DB /* XCRemoteSwiftPackageReference "firebase-ios-sdk" */;
			productName = "FirebaseFirestoreCombine-Community";
		};
		32F06A3E2864B32F0060B5DB /* FirebaseFirestoreSwift */ = {
			isa = XCSwiftPackageProductDependency;
			package = 32F06A352864B32F0060B5DB /* XCRemoteSwiftPackageReference "firebase-ios-sdk" */;
			productName = FirebaseFirestoreSwift;
		};
/* End XCSwiftPackageProductDependency section */
	};
	rootObject = 3202FBBE2862A64D00C729D6 /* Project object */;
}
